
Microsoft Visual Studio Solution File, Format Version 12.00
# Visual Studio 15
VisualStudioVersion = 15.0.27703.2035
MinimumVisualStudioVersion = 10.0.40219.1
Project("{FAE04EC0-301F-11D3-BF4B-00C04F79EFBC}") = "Home5", "Home5\Home5.csproj", "{6FE9E62D-2308-429E-91D6-A1BB29F0AE77}"
EndProject
Global
	GlobalSection(SolutionConfigurationPlatforms) = preSolution
		Debug|Any CPU = Debug|Any CPU
		Release|Any CPU = Release|Any CPU
	EndGlobalSection
	GlobalSection(ProjectConfigurationPlatforms) = postSolution
		{6FE9E62D-2308-429E-91D6-A1BB29F0AE77}.Debug|Any CPU.ActiveCfg = Debug|Any CPU
		{6FE9E62D-2308-429E-91D6-A1BB29F0AE77}.Debug|Any CPU.Build.0 = Debug|Any CPU
		{6FE9E62D-2308-429E-91D6-A1BB29F0AE77}.Release|Any CPU.ActiveCfg = Release|Any CPU
		{6FE9E62D-2308-429E-91D6-A1BB29F0AE77}.Release|Any CPU.Build.0 = Release|Any CPU
	EndGlobalSection
	GlobalSection(SolutionProperties) = preSolution
		HideSolutionNode = FALSE
	EndGlobalSection
	GlobalSection(ExtensibilityGlobals) = postSolution
		SolutionGuid = {11C2847E-6500-48F5-8BCB-23B57A90CBC2}
	EndGlobalSection
EndGlobal
